# novo.lock — auto-generated by novo pkg, do not edit

[calendar-nv]
source = "registry"
url = "https://registry.novo-lang.org"
req = "^0.0.2"
version = "0.0.2"
hash = "96409f46f3946d4b40437754edc7e8a6f044521cfe286f5723ff10205a581f48"

[crypto-nv]
source = "registry"
url = "https://registry.novo-lang.org"
req = "^0.1.1"
version = "0.1.3"
hash = "b0bf3b342541097171db05e4fb7e0000b023bee24040eb5476398beeb9176d35"

[mime-nv]
source = "registry"
url = "https://registry.novo-lang.org"
req = "^0.0.1"
version = "0.0.1"
hash = "679b7e6ac36a9adc2e4b00f0efef996295c5879eb00a8e16d4ea554c7fe518e2"
